// !$*UTF8*$!
{
	archiveVersion = 1;
	classes = {
	};
	objectVersion = 77;
	objects = {

/* Begin PBXBuildFile section */
		F5F283872E0CF0290051BD1E /* AdventureLogic.swift in Sources */ = {isa = PBXBuildFile; fileRef = F5F2837A2E0CF0290051BD1E /* AdventureLogic.swift */; };
		F5F283882E0CF0290051BD1E /* AppDelegate.swift in Sources */ = {isa = PBXBuildFile; fileRef = F5F2837B2E0CF0290051BD1E /* AppDelegate.swift */; };
		F5F2838A2E0CF0290051BD1E /* SceneDelegate.swift in Sources */ = {isa = PBXBuildFile; fileRef = F5F283832E0CF0290051BD1E /* SceneDelegate.swift */; };
		F5F2838B2E0CF0290051BD1E /* ViewController.swift in Sources */ = {isa = PBXBuildFile; fileRef = F5F283842E0CF0290051BD1E /* ViewController.swift */; };
		F5F2838C2E0CF0290051BD1E /* Assets.xcassets in Resources */ = {isa = PBXBuildFile; fileRef = F5F2837C2E0CF0290051BD1E /* Assets.xcassets */; };
		F5F2838E2E0CF0290051BD1E /* LaunchScreen.storyboard in Resources */ = {isa = PBXBuildFile; fileRef = F5F2837F2E0CF0290051BD1E /* LaunchScreen.storyboard */; };
		F5F2838F2E0CF0290051BD1E /* Main.storyboard in Resources */ = {isa = PBXBuildFile; fileRef = F5F283822E0CF0290051BD1E /* Main.storyboard */; };
		F5F283932E0CF8E60051BD1E /* Layer.swift in Sources */ = {isa = PBXBuildFile; fileRef = F5F283802E0CF0290051BD1E /* Layer.swift */; };
/* End PBXBuildFile section */

/* Begin PBXFileReference section */
		F5F283162E0CD5B10051BD1E /* au-module5-myadventure.app */ = {isa = PBXFileReference; explicitFileType = wrapper.application; includeInIndex = 0; name = "au-module5-myadventure.app"; path = "/Users/user280687/Desktop/auburn/au-module5-myadventure/build/Debug-iphoneos/au-module5-myadventure.app"; sourceTree = "<absolute>"; };
		F5F2837A2E0CF0290051BD1E /* AdventureLogic.swift */ = {isa = PBXFileReference; lastKnownFileType = sourcecode.swift; path = AdventureLogic.swift; sourceTree = "<group>"; };
		F5F2837B2E0CF0290051BD1E /* AppDelegate.swift */ = {isa = PBXFileReference; lastKnownFileType = sourcecode.swift; path = AppDelegate.swift; sourceTree = "<group>"; };
		F5F2837C2E0CF0290051BD1E /* Assets.xcassets */ = {isa = PBXFileReference; lastKnownFileType = folder.assetcatalog; path = Assets.xcassets; sourceTree = "<group>"; };
		F5F2837D2E0CF0290051BD1E /* Info.plist */ = {isa = PBXFileReference; lastKnownFileType = text.plist.xml; path = Info.plist; sourceTree = "<group>"; };
		F5F2837E2E0CF0290051BD1E /* Base */ = {isa = PBXFileReference; lastKnownFileType = file.storyboard; name = Base; path = Base.lproj/LaunchScreen.storyboard; sourceTree = "<group>"; };
		F5F283802E0CF0290051BD1E /* Layer.swift */ = {isa = PBXFileReference; lastKnownFileType = sourcecode.swift; path = Layer.swift; sourceTree = "<group>"; };
		F5F283812E0CF0290051BD1E /* Base */ = {isa = PBXFileReference; lastKnownFileType = file.storyboard; name = Base; path = Base.lproj/Main.storyboard; sourceTree = "<group>"; };
		F5F283832E0CF0290051BD1E /* SceneDelegate.swift */ = {isa = PBXFileReference; lastKnownFileType = sourcecode.swift; path = SceneDelegate.swift; sourceTree = "<group>"; };
		F5F283842E0CF0290051BD1E /* ViewController.swift */ = {isa = PBXFileReference; lastKnownFileType = sourcecode.swift; path = ViewController.swift; sourceTree = "<group>"; };
/* End PBXFileReference section */

/* Begin PBXFrameworksBuildPhase section */
		F5F283132E0CD5B10051BD1E /* Frameworks */ = {
			isa = PBXFrameworksBuildPhase;
			buildActionMask = 2147483647;
			files = (
			);
			runOnlyForDeploymentPostprocessing = 0;
		};
/* End PBXFrameworksBuildPhase section */

/* Begin PBXGroup section */
		F5F2830D2E0CD5B10051BD1E = {
			isa = PBXGroup;
			children = (
				F5F283852E0CF0290051BD1E /* au-module5-myadventure */,
			);
			sourceTree = "<group>";
		};
		F5F283852E0CF0290051BD1E /* au-module5-myadventure */ = {
			isa = PBXGroup;
			children = (
				F5F283922E0CF0C10051BD1E /* View */,
				F5F2837C2E0CF0290051BD1E /* Assets.xcassets */,
				F5F2837D2E0CF0290051BD1E /* Info.plist */,
				F5F2837F2E0CF0290051BD1E /* LaunchScreen.storyboard */,
				F5F2837B2E0CF0290051BD1E /* AppDelegate.swift */,
				F5F283902E0CF08E0051BD1E /* Model */,
				F5F283822E0CF0290051BD1E /* Main.storyboard */,
				F5F283832E0CF0290051BD1E /* SceneDelegate.swift */,
			);
			path = "au-module5-myadventure";
			sourceTree = "<group>";
		};
		F5F283902E0CF08E0051BD1E /* Model */ = {
			isa = PBXGroup;
			children = (
				F5F283802E0CF0290051BD1E /* Layer.swift */,
				F5F2837A2E0CF0290051BD1E /* AdventureLogic.swift */,
			);
			path = Model;
			sourceTree = "<group>";
		};
		F5F283922E0CF0C10051BD1E /* View */ = {
			isa = PBXGroup;
			children = (
				F5F283842E0CF0290051BD1E /* ViewController.swift */,
			);
			path = View;
			sourceTree = "<group>";
		};
/* End PBXGroup section */

/* Begin PBXNativeTarget section */
		F5F283152E0CD5B10051BD1E /* au-module5-myadventure */ = {
			isa = PBXNativeTarget;
			buildConfigurationList = F5F283292E0CD5B20051BD1E /* Build configuration list for PBXNativeTarget "au-module5-myadventure" */;
			buildPhases = (
				F5F283122E0CD5B10051BD1E /* Sources */,
				F5F283132E0CD5B10051BD1E /* Frameworks */,
				F5F283142E0CD5B10051BD1E /* Resources */,
			);
			buildRules = (
			);
			dependencies = (
			);
			name = "au-module5-myadventure";
			packageProductDependencies = (
			);
			productName = "au-module5-myadventure";
			productReference = F5F283162E0CD5B10051BD1E /* au-module5-myadventure.app */;
			productType = "com.apple.product-type.application";
		};
/* End PBXNativeTarget section */

/* Begin PBXProject section */
		F5F2830E2E0CD5B10051BD1E /* Project object */ = {
			isa = PBXProject;
			attributes = {
				BuildIndependentTargetsInParallel = 1;
				LastSwiftUpdateCheck = 1640;
				LastUpgradeCheck = 1640;
				TargetAttributes = {
					F5F283152E0CD5B10051BD1E = {
						CreatedOnToolsVersion = 16.4;
					};
				};
			};
			buildConfigurationList = F5F283112E0CD5B10051BD1E /* Build configuration list for PBXProject "au-module5-myadventure" */;
			developmentRegion = en;
			hasScannedForEncodings = 0;
			knownRegions = (
				en,
				Base,
			);
			mainGroup = F5F2830D2E0CD5B10051BD1E;
			minimizedProjectReferenceProxies = 1;
			preferredProjectObjectVersion = 77;
			productRefGroup = F5F2830D2E0CD5B10051BD1E;
			projectDirPath = "";
			projectRoot = "";
			targets = (
				F5F283152E0CD5B10051BD1E /* au-module5-myadventure */,
			);
		};
/* End PBXProject section */

/* Begin PBXResourcesBuildPhase section */
		F5F283142E0CD5B10051BD1E /* Resources */ = {
			isa = PBXResourcesBuildPhase;
			buildActionMask = 2147483647;
			files = (
				F5F2838C2E0CF0290051BD1E /* Assets.xcassets in Resources */,
				F5F2838E2E0CF0290051BD1E /* LaunchScreen.storyboard in Resources */,
				F5F2838F2E0CF0290051BD1E /* Main.storyboard in Resources */,
			);
			runOnlyForDeploymentPostprocessing = 0;
		};
/* End PBXResourcesBuildPhase section */

/* Begin PBXSourcesBuildPhase section */
		F5F283122E0CD5B10051BD1E /* Sources */ = {
			isa = PBXSourcesBuildPhase;
			buildActionMask = 2147483647;
			files = (
				F5F283872E0CF0290051BD1E /* AdventureLogic.swift in Sources */,
				F5F283932E0CF8E60051BD1E /* Layer.swift in Sources */,
				F5F283882E0CF0290051BD1E /* AppDelegate.swift in Sources */,
				F5F2838A2E0CF0290051BD1E /* SceneDelegate.swift in Sources */,
				F5F2838B2E0CF0290051BD1E /* ViewController.swift in Sources */,
			);
			runOnlyForDeploymentPostprocessing = 0;
		};
/* End PBXSourcesBuildPhase section */

/* Begin PBXVariantGroup section */
		F5F2837F2E0CF0290051BD1E /* LaunchScreen.storyboard */ = {
			isa = PBXVariantGroup;
			children = (
				F5F2837E2E0CF0290051BD1E /* Base */,
			);
			name = LaunchScreen.storyboard;
			sourceTree = "<group>";
		};
		F5F283822E0CF0290051BD1E /* Main.storyboard */ = {
			isa = PBXVariantGroup;
			children = (
				F5F283812E0CF0290051BD1E /* Base */,
			);
			name = Main.storyboard;
			sourceTree = "<group>";
		};
/* End PBXVariantGroup section */

/* Begin XCBuildConfiguration section */
		F5F2832A2E0CD5B20051BD1E /* Debug */ = {
			isa = XCBuildConfiguration;
			buildSettings = {
				ASSETCATALOG_COMPILER_APPICON_NAME = AppIcon;
				ASSETCATALOG_COMPILER_GLOBAL_ACCENT_COLOR_NAME = AccentColor;
				CODE_SIGN_STYLE = Automatic;
				CURRENT_PROJECT_VERSION = 1;
				GENERATE_INFOPLIST_FILE = YES;
				INFOPLIST_FILE = "au-module5-myadventure/Info.plist";
				INFOPLIST_KEY_UIApplicationSupportsIndirectInputEvents = YES;
				INFOPLIST_KEY_UILaunchStoryboardName = LaunchScreen;
				INFOPLIST_KEY_UIMainStoryboardFile = Main;
				INFOPLIST_KEY_UISupportedInterfaceOrientations_iPad = "UIInterfaceOrientationPortrait UIInterfaceOrientationPortraitUpsideDown UIInterfaceOrientationLandscapeLeft UIInterfaceOrientationLandscapeRight";
				INFOPLIST_KEY_UISupportedInterfaceOrientations_iPhone = "UIInterfaceOrientationPortrait UIInterfaceOrientationLandscapeLeft UIInterfaceOrientationLandscapeRight";
				LD_RUNPATH_SEARCH_PATHS = (
					"$(inherited)",
					"@executable_path/Frameworks",
				);
				MARKETING_VERSION = 1.0;
				PRODUCT_BUNDLE_IDENTIFIER = "au6970.au-module5-myadventure";
				PRODUCT_NAME = "$(TARGET_NAME)";
				SWIFT_EMIT_LOC_STRINGS = YES;
				SWIFT_VERSION = 5.0;
				TARGETED_DEVICE_FAMILY = "1,2";
			};
			name = Debug;
		};
		F5F2832B2E0CD5B20051BD1E /* Release */ = {
			isa = XCBuildConfiguration;
			buildSettings = {
				ASSETCATALOG_COMPILER_APPICON_NAME = AppIcon;
				ASSETCATALOG_COMPILER_GLOBAL_ACCENT_COLOR_NAME = AccentColor;
				CODE_SIGN_STYLE = Automatic;
				CURRENT_PROJECT_VERSION = 1;
				GENERATE_INFOPLIST_FILE = YES;
				INFOPLIST_FILE = "au-module5-myadventure/Info.plist";
				INFOPLIST_KEY_UIApplicationSupportsIndirectInputEvents = YES;
				INFOPLIST_KEY_UILaunchStoryboardName = LaunchScreen;
				INFOPLIST_KEY_UIMainStoryboardFile = Main;
				INFOPLIST_KEY_UISupportedInterfaceOrientations_iPad = "UIInterfaceOrientationPortrait UIInterfaceOrientationPortraitUpsideDown UIInterfaceOrientationLandscapeLeft UIInterfaceOrientationLandscapeRight";
				INFOPLIST_KEY_UISupportedInterfaceOrientations_iPhone = "UIInterfaceOrientationPortrait UIInterfaceOrientationLandscapeLeft UIInterfaceOrientationLandscapeRight";
				LD_RUNPATH_SEARCH_PATHS = (
					"$(inherited)",
					"@executable_path/Frameworks",
				);
				MARKETING_VERSION = 1.0;
				PRODUCT_BUNDLE_IDENTIFIER = "au6970.au-module5-myadventure";
				PRODUCT_NAME = "$(TARGET_NAME)";
				SWIFT_EMIT_LOC_STRINGS = YES;
				SWIFT_VERSION = 5.0;
				TARGETED_DEVICE_FAMILY = "1,2";
			};
			name = Release;
		};
		F5F2832C2E0CD5B20051BD1E /* Debug */ = {
			isa = XCBuildConfiguration;
			buildSettings = {
				ALWAYS_SEARCH_USER_PATHS = NO;
				ASSETCATALOG_COMPILER_GENERATE_SWIFT_ASSET_SYMBOL_EXTENSIONS = YES;
				CLANG_ANALYZER_NONNULL = YES;
				CLANG_ANALYZER_NUMBER_OBJECT_CONVERSION = YES_AGGRESSIVE;
				CLANG_CXX_LANGUAGE_STANDARD = "gnu++20";
				CLANG_ENABLE_MODULES = YES;
				CLANG_ENABLE_OBJC_ARC = YES;
				CLANG_ENABLE_OBJC_WEAK = YES;
				CLANG_WARN_BLOCK_CAPTURE_AUTORELEASING = YES;
				CLANG_WARN_BOOL_CONVERSION = YES;
				CLANG_WARN_COMMA = YES;
				CLANG_WARN_CONSTANT_CONVERSION = YES;
				CLANG_WARN_DEPRECATED_OBJC_IMPLEMENTATIONS = YES;
				CLANG_WARN_DIRECT_OBJC_ISA_USAGE = YES_ERROR;
				CLANG_WARN_DOCUMENTATION_COMMENTS = YES;
				CLANG_WARN_EMPTY_BODY = YES;
				CLANG_WARN_ENUM_CONVERSION = YES;
				CLANG_WARN_INFINITE_RECURSION = YES;
				CLANG_WARN_INT_CONVERSION = YES;
				CLANG_WARN_NON_LITERAL_NULL_CONVERSION = YES;
				CLANG_WARN_OBJC_IMPLICIT_RETAIN_SELF = YES;
				CLANG_WARN_OBJC_LITERAL_CONVERSION = YES;
				CLANG_WARN_OBJC_ROOT_CLASS = YES_ERROR;
				CLANG_WARN_QUOTED_INCLUDE_IN_FRAMEWORK_HEADER = YES;
				CLANG_WARN_RANGE_LOOP_ANALYSIS = YES;
				CLANG_WARN_STRICT_PROTOTYPES = YES;
				CLANG_WARN_SUSPICIOUS_MOVE = YES;
				CLANG_WARN_UNGUARDED_AVAILABILITY = YES_AGGRESSIVE;
				CLANG_WARN_UNREACHABLE_CODE = YES;
				CLANG_WARN__DUPLICATE_METHOD_MATCH = YES;
				COPY_PHASE_STRIP = NO;
				DEBUG_INFORMATION_FORMAT = dwarf;
				ENABLE_STRICT_OBJC_MSGSEND = YES;
				ENABLE_TESTABILITY = YES;
				ENABLE_USER_SCRIPT_SANDBOXING = YES;
				GCC_C_LANGUAGE_STANDARD = gnu17;
				GCC_DYNAMIC_NO_PIC = NO;
				GCC_NO_COMMON_BLOCKS = YES;
				GCC_OPTIMIZATION_LEVEL = 0;
				GCC_PREPROCESSOR_DEFINITIONS = (
					"DEBUG=1",
					"$(inherited)",
				);
				GCC_WARN_64_TO_32_BIT_CONVERSION = YES;
				GCC_WARN_ABOUT_RETURN_TYPE = YES_ERROR;
				GCC_WARN_UNDECLARED_SELECTOR = YES;
				GCC_WARN_UNINITIALIZED_AUTOS = YES_AGGRESSIVE;
				GCC_WARN_UNUSED_FUNCTION = YES;
				GCC_WARN_UNUSED_VARIABLE = YES;
				IPHONEOS_DEPLOYMENT_TARGET = 18.5;
				LOCALIZATION_PREFERS_STRING_CATALOGS = YES;
				MTL_ENABLE_DEBUG_INFO = INCLUDE_SOURCE;
				MTL_FAST_MATH = YES;
				ONLY_ACTIVE_ARCH = YES;
				SDKROOT = iphoneos;
				SWIFT_ACTIVE_COMPILATION_CONDITIONS = "DEBUG $(inherited)";
				SWIFT_OPTIMIZATION_LEVEL = "-Onone";
			};
			name = Debug;
		};
		F5F2832D2E0CD5B20051BD1E /* Release */ = {
			isa = XCBuildConfiguration;
			buildSettings = {
				ALWAYS_SEARCH_USER_PATHS = NO;
				ASSETCATALOG_COMPILER_GENERATE_SWIFT_ASSET_SYMBOL_EXTENSIONS = YES;
				CLANG_ANALYZER_NONNULL = YES;
				CLANG_ANALYZER_NUMBER_OBJECT_CONVERSION = YES_AGGRESSIVE;
				CLANG_CXX_LANGUAGE_STANDARD = "gnu++20";
				CLANG_ENABLE_MODULES = YES;
				CLANG_ENABLE_OBJC_ARC = YES;
				CLANG_ENABLE_OBJC_WEAK = YES;
				CLANG_WARN_BLOCK_CAPTURE_AUTORELEASING = YES;
				CLANG_WARN_BOOL_CONVERSION = YES;
				CLANG_WARN_COMMA = YES;
				CLANG_WARN_CONSTANT_CONVERSION = YES;
				CLANG_WARN_DEPRECATED_OBJC_IMPLEMENTATIONS = YES;
				CLANG_WARN_DIRECT_OBJC_ISA_USAGE = YES_ERROR;
				CLANG_WARN_DOCUMENTATION_COMMENTS = YES;
				CLANG_WARN_EMPTY_BODY = YES;
				CLANG_WARN_ENUM_CONVERSION = YES;
				CLANG_WARN_INFINITE_RECURSION = YES;
				CLANG_WARN_INT_CONVERSION = YES;
				CLANG_WARN_NON_LITERAL_NULL_CONVERSION = YES;
				CLANG_WARN_OBJC_IMPLICIT_RETAIN_SELF = YES;
				CLANG_WARN_OBJC_LITERAL_CONVERSION = YES;
				CLANG_WARN_OBJC_ROOT_CLASS = YES_ERROR;
				CLANG_WARN_QUOTED_INCLUDE_IN_FRAMEWORK_HEADER = YES;
				CLANG_WARN_RANGE_LOOP_ANALYSIS = YES;
				CLANG_WARN_STRICT_PROTOTYPES = YES;
				CLANG_WARN_SUSPICIOUS_MOVE = YES;
				CLANG_WARN_UNGUARDED_AVAILABILITY = YES_AGGRESSIVE;
				CLANG_WARN_UNREACHABLE_CODE = YES;
				CLANG_WARN__DUPLICATE_METHOD_MATCH = YES;
				COPY_PHASE_STRIP = NO;
				DEBUG_INFORMATION_FORMAT = "dwarf-with-dsym";
				ENABLE_NS_ASSERTIONS = NO;
				ENABLE_STRICT_OBJC_MSGSEND = YES;
				ENABLE_USER_SCRIPT_SANDBOXING = YES;
				GCC_C_LANGUAGE_STANDARD = gnu17;
				GCC_NO_COMMON_BLOCKS = YES;
				GCC_WARN_64_TO_32_BIT_CONVERSION = YES;
				GCC_WARN_ABOUT_RETURN_TYPE = YES_ERROR;
				GCC_WARN_UNDECLARED_SELECTOR = YES;
				GCC_WARN_UNINITIALIZED_AUTOS = YES_AGGRESSIVE;
				GCC_WARN_UNUSED_FUNCTION = YES;
				GCC_WARN_UNUSED_VARIABLE = YES;
				IPHONEOS_DEPLOYMENT_TARGET = 18.5;
				LOCALIZATION_PREFERS_STRING_CATALOGS = YES;
				MTL_ENABLE_DEBUG_INFO = NO;
				MTL_FAST_MATH = YES;
				SDKROOT = iphoneos;
				SWIFT_COMPILATION_MODE = wholemodule;
				VALIDATE_PRODUCT = YES;
			};
			name = Release;
		};
/* End XCBuildConfiguration section */

/* Begin XCConfigurationList section */
		F5F283112E0CD5B10051BD1E /* Build configuration list for PBXProject "au-module5-myadventure" */ = {
			isa = XCConfigurationList;
			buildConfigurations = (
				F5F2832C2E0CD5B20051BD1E /* Debug */,
				F5F2832D2E0CD5B20051BD1E /* Release */,
			);
			defaultConfigurationIsVisible = 0;
			defaultConfigurationName = Release;
		};
		F5F283292E0CD5B20051BD1E /* Build configuration list for PBXNativeTarget "au-module5-myadventure" */ = {
			isa = XCConfigurationList;
			buildConfigurations = (
				F5F2832A2E0CD5B20051BD1E /* Debug */,
				F5F2832B2E0CD5B20051BD1E /* Release */,
			);
			defaultConfigurationIsVisible = 0;
			defaultConfigurationName = Release;
		};
/* End XCConfigurationList section */
	};
	rootObject = F5F2830E2E0CD5B10051BD1E /* Project object */;
}
